
Microsoft Visual Studio Solution File, Format Version 12.00
# Visual Studio Version 16
VisualStudioVersion = 16.0.31424.327
MinimumVisualStudioVersion = 10.0.40219.1
Project("{9A19103F-16F7-4668-BE54-9A1E7A4F7556}") = "BulkyBook", "BulkyBook\BulkyBook.csproj", "{5E9FF8C0-46CB-498D-B01D-12D82FB96418}"
EndProject
Project("{9A19103F-16F7-4668-BE54-9A1E7A4F7556}") = "BulkyBook.DataAccess", "BulkyBook.DataAccess\BulkyBook.DataAccess.csproj", "{38CAAB62-2FC0-49B7-AF79-F06305DFEB0D}"
EndProject
Project("{9A19103F-16F7-4668-BE54-9A1E7A4F7556}") = "BulkyBook.Models", "BulkyBook.Models\BulkyBook.Models.csproj", "{D4CF1477-D839-4FE4-8BF9-6E8DCAFF4FFE}"
EndProject
Project("{9A19103F-16F7-4668-BE54-9A1E7A4F7556}") = "BulkyBook.Utility", "BulkyBook.Utility\BulkyBook.Utility.csproj", "{A3379759-E7BD-486B-BFC2-47D1862BECFE}"
EndProject
Global
	GlobalSection(SolutionConfigurationPlatforms) = preSolution
		Debug|Any CPU = Debug|Any CPU
		Release|Any CPU = Release|Any CPU
	EndGlobalSection
	GlobalSection(ProjectConfigurationPlatforms) = postSolution
		{5E9FF8C0-46CB-498D-B01D-12D82FB96418}.Debug|Any CPU.ActiveCfg = Debug|Any CPU
		{5E9FF8C0-46CB-498D-B01D-12D82FB96418}.Debug|Any CPU.Build.0 = Debug|Any CPU
		{5E9FF8C0-46CB-498D-B01D-12D82FB96418}.Release|Any CPU.ActiveCfg = Release|Any CPU
		{5E9FF8C0-46CB-498D-B01D-12D82FB96418}.Release|Any CPU.Build.0 = Release|Any CPU
		{38CAAB62-2FC0-49B7-AF79-F06305DFEB0D}.Debug|Any CPU.ActiveCfg = Debug|Any CPU
		{38CAAB62-2FC0-49B7-AF79-F06305DFEB0D}.Debug|Any CPU.Build.0 = Debug|Any CPU
		{38CAAB62-2FC0-49B7-AF79-F06305DFEB0D}.Release|Any CPU.ActiveCfg = Release|Any CPU
		{38CAAB62-2FC0-49B7-AF79-F06305DFEB0D}.Release|Any CPU.Build.0 = Release|Any CPU
		{D4CF1477-D839-4FE4-8BF9-6E8DCAFF4FFE}.Debug|Any CPU.ActiveCfg = Debug|Any CPU
		{D4CF1477-D839-4FE4-8BF9-6E8DCAFF4FFE}.Debug|Any CPU.Build.0 = Debug|Any CPU
		{D4CF1477-D839-4FE4-8BF9-6E8DCAFF4FFE}.Release|Any CPU.ActiveCfg = Release|Any CPU
		{D4CF1477-D839-4FE4-8BF9-6E8DCAFF4FFE}.Release|Any CPU.Build.0 = Release|Any CPU
		{A3379759-E7BD-486B-BFC2-47D1862BECFE}.Debug|Any CPU.ActiveCfg = Debug|Any CPU
		{A3379759-E7BD-486B-BFC2-47D1862BECFE}.Debug|Any CPU.Build.0 = Debug|Any CPU
		{A3379759-E7BD-486B-BFC2-47D1862BECFE}.Release|Any CPU.ActiveCfg = Release|Any CPU
		{A3379759-E7BD-486B-BFC2-47D1862BECFE}.Release|Any CPU.Build.0 = Release|Any CPU
	EndGlobalSection
	GlobalSection(SolutionProperties) = preSolution
		HideSolutionNode = FALSE
	EndGlobalSection
	GlobalSection(ExtensibilityGlobals) = postSolution
		SolutionGuid = {E3BCC4F9-9AB1-403C-A929-ADF7A4F467E4}
	EndGlobalSection
EndGlobal
